
Microsoft Visual Studio Solution File, Format Version 12.00
# Visual Studio Version 16
VisualStudioVersion = 16.0.29920.165
MinimumVisualStudioVersion = 10.0.40219.1
Project("{FAE04EC0-301F-11D3-BF4B-00C04F79EFBC}") = "Visualizer", "Visualizer\Visualizer.csproj", "{EDD0953B-308D-4F11-9CEA-37FA75C61320}"
EndProject
Global
	GlobalSection(SolutionConfigurationPlatforms) = preSolution
		Debug|Any CPU = Debug|Any CPU
		Release|Any CPU = Release|Any CPU
	EndGlobalSection
	GlobalSection(ProjectConfigurationPlatforms) = postSolution
		{EDD0953B-308D-4F11-9CEA-37FA75C61320}.Debug|Any CPU.ActiveCfg = Debug|Any CPU
		{EDD0953B-308D-4F11-9CEA-37FA75C61320}.Debug|Any CPU.Build.0 = Debug|Any CPU
		{EDD0953B-308D-4F11-9CEA-37FA75C61320}.Release|Any CPU.ActiveCfg = Release|Any CPU
		{EDD0953B-308D-4F11-9CEA-37FA75C61320}.Release|Any CPU.Build.0 = Release|Any CPU
	EndGlobalSection
	GlobalSection(SolutionProperties) = preSolution
		HideSolutionNode = FALSE
	EndGlobalSection
	GlobalSection(ExtensibilityGlobals) = postSolution
		SolutionGuid = {EFAA0A62-A4D2-4866-8A68-8D49E1698D0C}
	EndGlobalSection
EndGlobal
